
Microsoft Visual Studio Solution File, Format Version 12.00
# Visual Studio Version 16
VisualStudioVersion = 16.0.29920.165
MinimumVisualStudioVersion = 10.0.40219.1
Project("{FAE04EC0-301F-11D3-BF4B-00C04F79EFBC}") = "SQL", "SQL\SQL.csproj", "{7C27560C-B4D7-4826-92DC-BA04D99DD72C}"
EndProject
Project("{FAE04EC0-301F-11D3-BF4B-00C04F79EFBC}") = "CSharp", "CSharp\CSharp.csproj", "{05308115-0EDC-4210-9839-A8C09B6F9EBD}"
EndProject
Global
	GlobalSection(SolutionConfigurationPlatforms) = preSolution
		Debug|Any CPU = Debug|Any CPU
		Release|Any CPU = Release|Any CPU
	EndGlobalSection
	GlobalSection(ProjectConfigurationPlatforms) = postSolution
		{7C27560C-B4D7-4826-92DC-BA04D99DD72C}.Debug|Any CPU.ActiveCfg = Debug|Any CPU
		{7C27560C-B4D7-4826-92DC-BA04D99DD72C}.Debug|Any CPU.Build.0 = Debug|Any CPU
		{7C27560C-B4D7-4826-92DC-BA04D99DD72C}.Release|Any CPU.ActiveCfg = Release|Any CPU
		{7C27560C-B4D7-4826-92DC-BA04D99DD72C}.Release|Any CPU.Build.0 = Release|Any CPU
		{05308115-0EDC-4210-9839-A8C09B6F9EBD}.Debug|Any CPU.ActiveCfg = Debug|Any CPU
		{05308115-0EDC-4210-9839-A8C09B6F9EBD}.Debug|Any CPU.Build.0 = Debug|Any CPU
		{05308115-0EDC-4210-9839-A8C09B6F9EBD}.Release|Any CPU.ActiveCfg = Release|Any CPU
		{05308115-0EDC-4210-9839-A8C09B6F9EBD}.Release|Any CPU.Build.0 = Release|Any CPU
	EndGlobalSection
	GlobalSection(SolutionProperties) = preSolution
		HideSolutionNode = FALSE
	EndGlobalSection
	GlobalSection(ExtensibilityGlobals) = postSolution
		SolutionGuid = {D3AB9DE0-002D-42E0-8B6E-DAFCCAA85772}
	EndGlobalSection
EndGlobal
