
Microsoft Visual Studio Solution File, Format Version 12.00
# Visual Studio Version 16
VisualStudioVersion = 16.0.29920.165
MinimumVisualStudioVersion = 10.0.40219.1
Project("{FAE04EC0-301F-11D3-BF4B-00C04F79EFBC}") = "1108_Defang", "LeetCode\1108_Defang.csproj", "{9AF65ABD-45AA-4430-B3FA-9B647FE19194}"
EndProject
Project("{FAE04EC0-301F-11D3-BF4B-00C04F79EFBC}") = "1342_Reduce", "1342_Reduce\1342_Reduce.csproj", "{9EBFFF69-5A56-45BD-93C8-640168D15F7D}"
EndProject
Project("{FAE04EC0-301F-11D3-BF4B-00C04F79EFBC}") = "1365_Smaller", "1365_Smaller\1365_Smaller.csproj", "{636F0CBB-0060-4821-A578-D526EC05388F}"
EndProject
Project("{FAE04EC0-301F-11D3-BF4B-00C04F79EFBC}") = "771_Jewels", "771_Jewels\771_Jewels.csproj", "{D4B304CB-37F6-4EA3-B553-A8B37F8EF0D7}"
EndProject
Project("{FAE04EC0-301F-11D3-BF4B-00C04F79EFBC}") = "1313_Decompress", "1313_Decompress\1313_Decompress.csproj", "{8D3E768F-0531-43ED-A9E6-73EDF14694F3}"
EndProject
Project("{FAE04EC0-301F-11D3-BF4B-00C04F79EFBC}") = "1281_Subtract", "1281_Subtract\1281_Subtract.csproj", "{7B579013-ED8C-4381-AE3F-C32BC8AAED3A}"
EndProject
Project("{FAE04EC0-301F-11D3-BF4B-00C04F79EFBC}") = "1295_Even", "1295_Even\1295_Even.csproj", "{9EA4125A-CCE1-4D19-A1AD-FCDA210DF35A}"
EndProject
Project("{FAE04EC0-301F-11D3-BF4B-00C04F79EFBC}") = "1221_Balance", "1221_Balance\1221_Balance.csproj", "{23DE663B-4B36-4DE9-8759-2A7BA1563D30}"
EndProject
Project("{FAE04EC0-301F-11D3-BF4B-00C04F79EFBC}") = "1389_Target", "1389_Target\1389_Target.csproj", "{839A51EC-6EF7-4AE7-A596-524E16FE3112}"
EndProject
Global
	GlobalSection(SolutionConfigurationPlatforms) = preSolution
		Debug|Any CPU = Debug|Any CPU
		Release|Any CPU = Release|Any CPU
	EndGlobalSection
	GlobalSection(ProjectConfigurationPlatforms) = postSolution
		{9AF65ABD-45AA-4430-B3FA-9B647FE19194}.Debug|Any CPU.ActiveCfg = Debug|Any CPU
		{9AF65ABD-45AA-4430-B3FA-9B647FE19194}.Debug|Any CPU.Build.0 = Debug|Any CPU
		{9AF65ABD-45AA-4430-B3FA-9B647FE19194}.Release|Any CPU.ActiveCfg = Release|Any CPU
		{9AF65ABD-45AA-4430-B3FA-9B647FE19194}.Release|Any CPU.Build.0 = Release|Any CPU
		{9EBFFF69-5A56-45BD-93C8-640168D15F7D}.Debug|Any CPU.ActiveCfg = Debug|Any CPU
		{9EBFFF69-5A56-45BD-93C8-640168D15F7D}.Debug|Any CPU.Build.0 = Debug|Any CPU
		{9EBFFF69-5A56-45BD-93C8-640168D15F7D}.Release|Any CPU.ActiveCfg = Release|Any CPU
		{9EBFFF69-5A56-45BD-93C8-640168D15F7D}.Release|Any CPU.Build.0 = Release|Any CPU
		{636F0CBB-0060-4821-A578-D526EC05388F}.Debug|Any CPU.ActiveCfg = Debug|Any CPU
		{636F0CBB-0060-4821-A578-D526EC05388F}.Debug|Any CPU.Build.0 = Debug|Any CPU
		{636F0CBB-0060-4821-A578-D526EC05388F}.Release|Any CPU.ActiveCfg = Release|Any CPU
		{636F0CBB-0060-4821-A578-D526EC05388F}.Release|Any CPU.Build.0 = Release|Any CPU
		{D4B304CB-37F6-4EA3-B553-A8B37F8EF0D7}.Debug|Any CPU.ActiveCfg = Debug|Any CPU
		{D4B304CB-37F6-4EA3-B553-A8B37F8EF0D7}.Debug|Any CPU.Build.0 = Debug|Any CPU
		{D4B304CB-37F6-4EA3-B553-A8B37F8EF0D7}.Release|Any CPU.ActiveCfg = Release|Any CPU
		{D4B304CB-37F6-4EA3-B553-A8B37F8EF0D7}.Release|Any CPU.Build.0 = Release|Any CPU
		{8D3E768F-0531-43ED-A9E6-73EDF14694F3}.Debug|Any CPU.ActiveCfg = Debug|Any CPU
		{8D3E768F-0531-43ED-A9E6-73EDF14694F3}.Debug|Any CPU.Build.0 = Debug|Any CPU
		{8D3E768F-0531-43ED-A9E6-73EDF14694F3}.Release|Any CPU.ActiveCfg = Release|Any CPU
		{8D3E768F-0531-43ED-A9E6-73EDF14694F3}.Release|Any CPU.Build.0 = Release|Any CPU
		{7B579013-ED8C-4381-AE3F-C32BC8AAED3A}.Debug|Any CPU.ActiveCfg = Debug|Any CPU
		{7B579013-ED8C-4381-AE3F-C32BC8AAED3A}.Debug|Any CPU.Build.0 = Debug|Any CPU
		{7B579013-ED8C-4381-AE3F-C32BC8AAED3A}.Release|Any CPU.ActiveCfg = Release|Any CPU
		{7B579013-ED8C-4381-AE3F-C32BC8AAED3A}.Release|Any CPU.Build.0 = Release|Any CPU
		{9EA4125A-CCE1-4D19-A1AD-FCDA210DF35A}.Debug|Any CPU.ActiveCfg = Debug|Any CPU
		{9EA4125A-CCE1-4D19-A1AD-FCDA210DF35A}.Debug|Any CPU.Build.0 = Debug|Any CPU
		{9EA4125A-CCE1-4D19-A1AD-FCDA210DF35A}.Release|Any CPU.ActiveCfg = Release|Any CPU
		{9EA4125A-CCE1-4D19-A1AD-FCDA210DF35A}.Release|Any CPU.Build.0 = Release|Any CPU
		{23DE663B-4B36-4DE9-8759-2A7BA1563D30}.Debug|Any CPU.ActiveCfg = Debug|Any CPU
		{23DE663B-4B36-4DE9-8759-2A7BA1563D30}.Debug|Any CPU.Build.0 = Debug|Any CPU
		{23DE663B-4B36-4DE9-8759-2A7BA1563D30}.Release|Any CPU.ActiveCfg = Release|Any CPU
		{23DE663B-4B36-4DE9-8759-2A7BA1563D30}.Release|Any CPU.Build.0 = Release|Any CPU
		{839A51EC-6EF7-4AE7-A596-524E16FE3112}.Debug|Any CPU.ActiveCfg = Debug|Any CPU
		{839A51EC-6EF7-4AE7-A596-524E16FE3112}.Debug|Any CPU.Build.0 = Debug|Any CPU
		{839A51EC-6EF7-4AE7-A596-524E16FE3112}.Release|Any CPU.ActiveCfg = Release|Any CPU
		{839A51EC-6EF7-4AE7-A596-524E16FE3112}.Release|Any CPU.Build.0 = Release|Any CPU
	EndGlobalSection
	GlobalSection(SolutionProperties) = preSolution
		HideSolutionNode = FALSE
	EndGlobalSection
	GlobalSection(ExtensibilityGlobals) = postSolution
		SolutionGuid = {D3AB9DE0-002D-42E0-8B6E-DAFCCAA85772}
	EndGlobalSection
EndGlobal
